// !$*UTF8*$!
{
	archiveVersion = 1;
	classes = {
	};
	objectVersion = 50;
	objects = {

/* Begin PBXBuildFile section */
		3D50A500259CF5C500D1B4BF /* AppDelegate.swift in Sources */ = {isa = PBXBuildFile; fileRef = 3D50A4FF259CF5C500D1B4BF /* AppDelegate.swift */; };
		3D50A502259CF5C500D1B4BF /* SceneDelegate.swift in Sources */ = {isa = PBXBuildFile; fileRef = 3D50A501259CF5C500D1B4BF /* SceneDelegate.swift */; };
		3D50A504259CF5C500D1B4BF /* ViewController.swift in Sources */ = {isa = PBXBuildFile; fileRef = 3D50A503259CF5C500D1B4BF /* ViewController.swift */; };
		3D50A507259CF5C500D1B4BF /* Main.storyboard in Resources */ = {isa = PBXBuildFile; fileRef = 3D50A505259CF5C500D1B4BF /* Main.storyboard */; };
		3D50A509259CF5C600D1B4BF /* Assets.xcassets in Resources */ = {isa = PBXBuildFile; fileRef = 3D50A508259CF5C600D1B4BF /* Assets.xcassets */; };
		3D50A50C259CF5C600D1B4BF /* LaunchScreen.storyboard in Resources */ = {isa = PBXBuildFile; fileRef = 3D50A50A259CF5C600D1B4BF /* LaunchScreen.storyboard */; };
		3D50A517259CF5C600D1B4BF /* myInfoTests.swift in Sources */ = {isa = PBXBuildFile; fileRef = 3D50A516259CF5C600D1B4BF /* myInfoTests.swift */; };
		3D50A522259CF5C600D1B4BF /* myInfoUITests.swift in Sources */ = {isa = PBXBuildFile; fileRef = 3D50A521259CF5C600D1B4BF /* myInfoUITests.swift */; };
/* End PBXBuildFile section */

/* Begin PBXContainerItemProxy section */
		3D50A513259CF5C600D1B4BF /* PBXContainerItemProxy */ = {
			isa = PBXContainerItemProxy;
			containerPortal = 3D50A4F4259CF5C500D1B4BF /* Project object */;
			proxyType = 1;
			remoteGlobalIDString = 3D50A4FB259CF5C500D1B4BF;
			remoteInfo = myInfo;
		};
		3D50A51E259CF5C600D1B4BF /* PBXContainerItemProxy */ = {
			isa = PBXContainerItemProxy;
			containerPortal = 3D50A4F4259CF5C500D1B4BF /* Project object */;
			proxyType = 1;
			remoteGlobalIDString = 3D50A4FB259CF5C500D1B4BF;
			remoteInfo = myInfo;
		};
/* End PBXContainerItemProxy section */

/* Begin PBXFileReference section */
		3D50A4FC259CF5C500D1B4BF /* myInfo.app */ = {isa = PBXFileReference; explicitFileType = wrapper.application; includeInIndex = 0; path = myInfo.app; sourceTree = BUILT_PRODUCTS_DIR; };
		3D50A4FF259CF5C500D1B4BF /* AppDelegate.swift */ = {isa = PBXFileReference; lastKnownFileType = sourcecode.swift; path = AppDelegate.swift; sourceTree = "<group>"; };
		3D50A501259CF5C500D1B4BF /* SceneDelegate.swift */ = {isa = PBXFileReference; lastKnownFileType = sourcecode.swift; path = SceneDelegate.swift; sourceTree = "<group>"; };
		3D50A503259CF5C500D1B4BF /* ViewController.swift */ = {isa = PBXFileReference; lastKnownFileType = sourcecode.swift; path = ViewController.swift; sourceTree = "<group>"; };
		3D50A506259CF5C500D1B4BF /* Base */ = {isa = PBXFileReference; lastKnownFileType = file.storyboard; name = Base; path = Base.lproj/Main.storyboard; sourceTree = "<group>"; };
		3D50A508259CF5C600D1B4BF /* Assets.xcassets */ = {isa = PBXFileReference; lastKnownFileType = folder.assetcatalog; path = Assets.xcassets; sourceTree = "<group>"; };
		3D50A50B259CF5C600D1B4BF /* Base */ = {isa = PBXFileReference; lastKnownFileType = file.storyboard; name = Base; path = Base.lproj/LaunchScreen.storyboard; sourceTree = "<group>"; };
		3D50A50D259CF5C600D1B4BF /* Info.plist */ = {isa = PBXFileReference; lastKnownFileType = text.plist.xml; path = Info.plist; sourceTree = "<group>"; };
		3D50A512259CF5C600D1B4BF /* myInfoTests.xctest */ = {isa = PBXFileReference; explicitFileType = wrapper.cfbundle; includeInIndex = 0; path = myInfoTests.xctest; sourceTree = BUILT_PRODUCTS_DIR; };
		3D50A516259CF5C600D1B4BF /* myInfoTests.swift */ = {isa = PBXFileReference; lastKnownFileType = sourcecode.swift; path = myInfoTests.swift; sourceTree = "<group>"; };
		3D50A518259CF5C600D1B4BF /* Info.plist */ = {isa = PBXFileReference; lastKnownFileType = text.plist.xml; path = Info.plist; sourceTree = "<group>"; };
		3D50A51D259CF5C600D1B4BF /* myInfoUITests.xctest */ = {isa = PBXFileReference; explicitFileType = wrapper.cfbundle; includeInIndex = 0; path = myInfoUITests.xctest; sourceTree = BUILT_PRODUCTS_DIR; };
		3D50A521259CF5C600D1B4BF /* myInfoUITests.swift */ = {isa = PBXFileReference; lastKnownFileType = sourcecode.swift; path = myInfoUITests.swift; sourceTree = "<group>"; };
		3D50A523259CF5C600D1B4BF /* Info.plist */ = {isa = PBXFileReference; lastKnownFileType = text.plist.xml; path = Info.plist; sourceTree = "<group>"; };
/* End PBXFileReference section */

/* Begin PBXFrameworksBuildPhase section */
		3D50A4F9259CF5C500D1B4BF /* Frameworks */ = {
			isa = PBXFrameworksBuildPhase;
			buildActionMask = 2147483647;
			files = (
			);
			runOnlyForDeploymentPostprocessing = 0;
		};
		3D50A50F259CF5C600D1B4BF /* Frameworks */ = {
			isa = PBXFrameworksBuildPhase;
			buildActionMask = 2147483647;
			files = (
			);
			runOnlyForDeploymentPostprocessing = 0;
		};
		3D50A51A259CF5C600D1B4BF /* Frameworks */ = {
			isa = PBXFrameworksBuildPhase;
			buildActionMask = 2147483647;
			files = (
			);
			runOnlyForDeploymentPostprocessing = 0;
		};
/* End PBXFrameworksBuildPhase section */

/* Begin PBXGroup section */
		3D50A4F3259CF5C500D1B4BF = {
			isa = PBXGroup;
			children = (
				3D50A4FE259CF5C500D1B4BF /* myInfo */,
				3D50A515259CF5C600D1B4BF /* myInfoTests */,
				3D50A520259CF5C600D1B4BF /* myInfoUITests */,
				3D50A4FD259CF5C500D1B4BF /* Products */,
			);
			sourceTree = "<group>";
		};
		3D50A4FD259CF5C500D1B4BF /* Products */ = {
			isa = PBXGroup;
			children = (
				3D50A4FC259CF5C500D1B4BF /* myInfo.app */,
				3D50A512259CF5C600D1B4BF /* myInfoTests.xctest */,
				3D50A51D259CF5C600D1B4BF /* myInfoUITests.xctest */,
			);
			name = Products;
			sourceTree = "<group>";
		};
		3D50A4FE259CF5C500D1B4BF /* myInfo */ = {
			isa = PBXGroup;
			children = (
				3D50A4FF259CF5C500D1B4BF /* AppDelegate.swift */,
				3D50A501259CF5C500D1B4BF /* SceneDelegate.swift */,
				3D50A503259CF5C500D1B4BF /* ViewController.swift */,
				3D50A505259CF5C500D1B4BF /* Main.storyboard */,
				3D50A508259CF5C600D1B4BF /* Assets.xcassets */,
				3D50A50A259CF5C600D1B4BF /* LaunchScreen.storyboard */,
				3D50A50D259CF5C600D1B4BF /* Info.plist */,
			);
			path = myInfo;
			sourceTree = "<group>";
		};
		3D50A515259CF5C600D1B4BF /* myInfoTests */ = {
			isa = PBXGroup;
			children = (
				3D50A516259CF5C600D1B4BF /* myInfoTests.swift */,
				3D50A518259CF5C600D1B4BF /* Info.plist */,
			);
			path = myInfoTests;
			sourceTree = "<group>";
		};
		3D50A520259CF5C600D1B4BF /* myInfoUITests */ = {
			isa = PBXGroup;
			children = (
				3D50A521259CF5C600D1B4BF /* myInfoUITests.swift */,
				3D50A523259CF5C600D1B4BF /* Info.plist */,
			);
			path = myInfoUITests;
			sourceTree = "<group>";
		};
/* End PBXGroup section */

/* Begin PBXNativeTarget section */
		3D50A4FB259CF5C500D1B4BF /* myInfo */ = {
			isa = PBXNativeTarget;
			buildConfigurationList = 3D50A526259CF5C600D1B4BF /* Build configuration list for PBXNativeTarget "myInfo" */;
			buildPhases = (
				3D50A4F8259CF5C500D1B4BF /* Sources */,
				3D50A4F9259CF5C500D1B4BF /* Frameworks */,
				3D50A4FA259CF5C500D1B4BF /* Resources */,
			);
			buildRules = (
			);
			dependencies = (
			);
			name = myInfo;
			productName = myInfo;
			productReference = 3D50A4FC259CF5C500D1B4BF /* myInfo.app */;
			productType = "com.apple.product-type.application";
		};
		3D50A511259CF5C600D1B4BF /* myInfoTests */ = {
			isa = PBXNativeTarget;
			buildConfigurationList = 3D50A529259CF5C600D1B4BF /* Build configuration list for PBXNativeTarget "myInfoTests" */;
			buildPhases = (
				3D50A50E259CF5C600D1B4BF /* Sources */,
				3D50A50F259CF5C600D1B4BF /* Frameworks */,
				3D50A510259CF5C600D1B4BF /* Resources */,
			);
			buildRules = (
			);
			dependencies = (
				3D50A514259CF5C600D1B4BF /* PBXTargetDependency */,
			);
			name = myInfoTests;
			productName = myInfoTests;
			productReference = 3D50A512259CF5C600D1B4BF /* myInfoTests.xctest */;
			productType = "com.apple.product-type.bundle.unit-test";
		};
		3D50A51C259CF5C600D1B4BF /* myInfoUITests */ = {
			isa = PBXNativeTarget;
			buildConfigurationList = 3D50A52C259CF5C600D1B4BF /* Build configuration list for PBXNativeTarget "myInfoUITests" */;
			buildPhases = (
				3D50A519259CF5C600D1B4BF /* Sources */,
				3D50A51A259CF5C600D1B4BF /* Frameworks */,
				3D50A51B259CF5C600D1B4BF /* Resources */,
			);
			buildRules = (
			);
			dependencies = (
				3D50A51F259CF5C600D1B4BF /* PBXTargetDependency */,
			);
			name = myInfoUITests;
			productName = myInfoUITests;
			productReference = 3D50A51D259CF5C600D1B4BF /* myInfoUITests.xctest */;
			productType = "com.apple.product-type.bundle.ui-testing";
		};
/* End PBXNativeTarget section */

/* Begin PBXProject section */
		3D50A4F4259CF5C500D1B4BF /* Project object */ = {
			isa = PBXProject;
			attributes = {
				LastSwiftUpdateCheck = 1230;
				LastUpgradeCheck = 1230;
				TargetAttributes = {
					3D50A4FB259CF5C500D1B4BF = {
						CreatedOnToolsVersion = 12.3;
					};
					3D50A511259CF5C600D1B4BF = {
						CreatedOnToolsVersion = 12.3;
						TestTargetID = 3D50A4FB259CF5C500D1B4BF;
					};
					3D50A51C259CF5C600D1B4BF = {
						CreatedOnToolsVersion = 12.3;
						TestTargetID = 3D50A4FB259CF5C500D1B4BF;
					};
				};
			};
			buildConfigurationList = 3D50A4F7259CF5C500D1B4BF /* Build configuration list for PBXProject "myInfo" */;
			compatibilityVersion = "Xcode 9.3";
			developmentRegion = en;
			hasScannedForEncodings = 0;
			knownRegions = (
				en,
				Base,
			);
			mainGroup = 3D50A4F3259CF5C500D1B4BF;
			productRefGroup = 3D50A4FD259CF5C500D1B4BF /* Products */;
			projectDirPath = "";
			projectRoot = "";
			targets = (
				3D50A4FB259CF5C500D1B4BF /* myInfo */,
				3D50A511259CF5C600D1B4BF /* myInfoTests */,
				3D50A51C259CF5C600D1B4BF /* myInfoUITests */,
			);
		};
/* End PBXProject section */

/* Begin PBXResourcesBuildPhase section */
		3D50A4FA259CF5C500D1B4BF /* Resources */ = {
			isa = PBXResourcesBuildPhase;
			buildActionMask = 2147483647;
			files = (
				3D50A50C259CF5C600D1B4BF /* LaunchScreen.storyboard in Resources */,
				3D50A509259CF5C600D1B4BF /* Assets.xcassets in Resources */,
				3D50A507259CF5C500D1B4BF /* Main.storyboard in Resources */,
			);
			runOnlyForDeploymentPostprocessing = 0;
		};
		3D50A510259CF5C600D1B4BF /* Resources */ = {
			isa = PBXResourcesBuildPhase;
			buildActionMask = 2147483647;
			files = (
			);
			runOnlyForDeploymentPostprocessing = 0;
		};
		3D50A51B259CF5C600D1B4BF /* Resources */ = {
			isa = PBXResourcesBuildPhase;
			buildActionMask = 2147483647;
			files = (
			);
			runOnlyForDeploymentPostprocessing = 0;
		};
/* End PBXResourcesBuildPhase section */

/* Begin PBXSourcesBuildPhase section */
		3D50A4F8259CF5C500D1B4BF /* Sources */ = {
			isa = PBXSourcesBuildPhase;
			buildActionMask = 2147483647;
			files = (
				3D50A504259CF5C500D1B4BF /* ViewController.swift in Sources */,
				3D50A500259CF5C500D1B4BF /* AppDelegate.swift in Sources */,
				3D50A502259CF5C500D1B4BF /* SceneDelegate.swift in Sources */,
			);
			runOnlyForDeploymentPostprocessing = 0;
		};
		3D50A50E259CF5C600D1B4BF /* Sources */ = {
			isa = PBXSourcesBuildPhase;
			buildActionMask = 2147483647;
			files = (
				3D50A517259CF5C600D1B4BF /* myInfoTests.swift in Sources */,
			);
			runOnlyForDeploymentPostprocessing = 0;
		};
		3D50A519259CF5C600D1B4BF /* Sources */ = {
			isa = PBXSourcesBuildPhase;
			buildActionMask = 2147483647;
			files = (
				3D50A522259CF5C600D1B4BF /* myInfoUITests.swift in Sources */,
			);
			runOnlyForDeploymentPostprocessing = 0;
		};
/* End PBXSourcesBuildPhase section */

/* Begin PBXTargetDependency section */
		3D50A514259CF5C600D1B4BF /* PBXTargetDependency */ = {
			isa = PBXTargetDependency;
			target = 3D50A4FB259CF5C500D1B4BF /* myInfo */;
			targetProxy = 3D50A513259CF5C600D1B4BF /* PBXContainerItemProxy */;
		};
		3D50A51F259CF5C600D1B4BF /* PBXTargetDependency */ = {
			isa = PBXTargetDependency;
			target = 3D50A4FB259CF5C500D1B4BF /* myInfo */;
			targetProxy = 3D50A51E259CF5C600D1B4BF /* PBXContainerItemProxy */;
		};
/* End PBXTargetDependency section */

/* Begin PBXVariantGroup section */
		3D50A505259CF5C500D1B4BF /* Main.storyboard */ = {
			isa = PBXVariantGroup;
			children = (
				3D50A506259CF5C500D1B4BF /* Base */,
			);
			name = Main.storyboard;
			sourceTree = "<group>";
		};
		3D50A50A259CF5C600D1B4BF /* LaunchScreen.storyboard */ = {
			isa = PBXVariantGroup;
			children = (
				3D50A50B259CF5C600D1B4BF /* Base */,
			);
			name = LaunchScreen.storyboard;
			sourceTree = "<group>";
		};
/* End PBXVariantGroup section */

/* Begin XCBuildConfiguration section */
		3D50A524259CF5C600D1B4BF /* Debug */ = {
			isa = XCBuildConfiguration;
			buildSettings = {
				ALWAYS_SEARCH_USER_PATHS = NO;
				CLANG_ANALYZER_NONNULL = YES;
				CLANG_ANALYZER_NUMBER_OBJECT_CONVERSION = YES_AGGRESSIVE;
				CLANG_CXX_LANGUAGE_STANDARD = "gnu++14";
				CLANG_CXX_LIBRARY = "libc++";
				CLANG_ENABLE_MODULES = YES;
				CLANG_ENABLE_OBJC_ARC = YES;
				CLANG_ENABLE_OBJC_WEAK = YES;
				CLANG_WARN_BLOCK_CAPTURE_AUTORELEASING = YES;
				CLANG_WARN_BOOL_CONVERSION = YES;
				CLANG_WARN_COMMA = YES;
				CLANG_WARN_CONSTANT_CONVERSION = YES;
				CLANG_WARN_DEPRECATED_OBJC_IMPLEMENTATIONS = YES;
				CLANG_WARN_DIRECT_OBJC_ISA_USAGE = YES_ERROR;
				CLANG_WARN_DOCUMENTATION_COMMENTS = YES;
				CLANG_WARN_EMPTY_BODY = YES;
				CLANG_WARN_ENUM_CONVERSION = YES;
				CLANG_WARN_INFINITE_RECURSION = YES;
				CLANG_WARN_INT_CONVERSION = YES;
				CLANG_WARN_NON_LITERAL_NULL_CONVERSION = YES;
				CLANG_WARN_OBJC_IMPLICIT_RETAIN_SELF = YES;
				CLANG_WARN_OBJC_LITERAL_CONVERSION = YES;
				CLANG_WARN_OBJC_ROOT_CLASS = YES_ERROR;
				CLANG_WARN_QUOTED_INCLUDE_IN_FRAMEWORK_HEADER = YES;
				CLANG_WARN_RANGE_LOOP_ANALYSIS = YES;
				CLANG_WARN_STRICT_PROTOTYPES = YES;
				CLANG_WARN_SUSPICIOUS_MOVE = YES;
				CLANG_WARN_UNGUARDED_AVAILABILITY = YES_AGGRESSIVE;
				CLANG_WARN_UNREACHABLE_CODE = YES;
				CLANG_WARN__DUPLICATE_METHOD_MATCH = YES;
				COPY_PHASE_STRIP = NO;
				DEBUG_INFORMATION_FORMAT = dwarf;
				ENABLE_STRICT_OBJC_MSGSEND = YES;
				ENABLE_TESTABILITY = YES;
				GCC_C_LANGUAGE_STANDARD = gnu11;
				GCC_DYNAMIC_NO_PIC = NO;
				GCC_NO_COMMON_BLOCKS = YES;
				GCC_OPTIMIZATION_LEVEL = 0;
				GCC_PREPROCESSOR_DEFINITIONS = (
					"DEBUG=1",
					"$(inherited)",
				);
				GCC_WARN_64_TO_32_BIT_CONVERSION = YES;
				GCC_WARN_ABOUT_RETURN_TYPE = YES_ERROR;
				GCC_WARN_UNDECLARED_SELECTOR = YES;
				GCC_WARN_UNINITIALIZED_AUTOS = YES_AGGRESSIVE;
				GCC_WARN_UNUSED_FUNCTION = YES;
				GCC_WARN_UNUSED_VARIABLE = YES;
				IPHONEOS_DEPLOYMENT_TARGET = 14.3;
				MTL_ENABLE_DEBUG_INFO = INCLUDE_SOURCE;
				MTL_FAST_MATH = YES;
				ONLY_ACTIVE_ARCH = YES;
				SDKROOT = iphoneos;
				SWIFT_ACTIVE_COMPILATION_CONDITIONS = DEBUG;
				SWIFT_OPTIMIZATION_LEVEL = "-Onone";
			};
			name = Debug;
		};
		3D50A525259CF5C600D1B4BF /* Release */ = {
			isa = XCBuildConfiguration;
			buildSettings = {
				ALWAYS_SEARCH_USER_PATHS = NO;
				CLANG_ANALYZER_NONNULL = YES;
				CLANG_ANALYZER_NUMBER_OBJECT_CONVERSION = YES_AGGRESSIVE;
				CLANG_CXX_LANGUAGE_STANDARD = "gnu++14";
				CLANG_CXX_LIBRARY = "libc++";
				CLANG_ENABLE_MODULES = YES;
				CLANG_ENABLE_OBJC_ARC = YES;
				CLANG_ENABLE_OBJC_WEAK = YES;
				CLANG_WARN_BLOCK_CAPTURE_AUTORELEASING = YES;
				CLANG_WARN_BOOL_CONVERSION = YES;
				CLANG_WARN_COMMA = YES;
				CLANG_WARN_CONSTANT_CONVERSION = YES;
				CLANG_WARN_DEPRECATED_OBJC_IMPLEMENTATIONS = YES;
				CLANG_WARN_DIRECT_OBJC_ISA_USAGE = YES_ERROR;
				CLANG_WARN_DOCUMENTATION_COMMENTS = YES;
				CLANG_WARN_EMPTY_BODY = YES;
				CLANG_WARN_ENUM_CONVERSION = YES;
				CLANG_WARN_INFINITE_RECURSION = YES;
				CLANG_WARN_INT_CONVERSION = YES;
				CLANG_WARN_NON_LITERAL_NULL_CONVERSION = YES;
				CLANG_WARN_OBJC_IMPLICIT_RETAIN_SELF = YES;
				CLANG_WARN_OBJC_LITERAL_CONVERSION = YES;
				CLANG_WARN_OBJC_ROOT_CLASS = YES_ERROR;
				CLANG_WARN_QUOTED_INCLUDE_IN_FRAMEWORK_HEADER = YES;
				CLANG_WARN_RANGE_LOOP_ANALYSIS = YES;
				CLANG_WARN_STRICT_PROTOTYPES = YES;
				CLANG_WARN_SUSPICIOUS_MOVE = YES;
				CLANG_WARN_UNGUARDED_AVAILABILITY = YES_AGGRESSIVE;
				CLANG_WARN_UNREACHABLE_CODE = YES;
				CLANG_WARN__DUPLICATE_METHOD_MATCH = YES;
				COPY_PHASE_STRIP = NO;
				DEBUG_INFORMATION_FORMAT = "dwarf-with-dsym";
				ENABLE_NS_ASSERTIONS = NO;
				ENABLE_STRICT_OBJC_MSGSEND = YES;
				GCC_C_LANGUAGE_STANDARD = gnu11;
				GCC_NO_COMMON_BLOCKS = YES;
				GCC_WARN_64_TO_32_BIT_CONVERSION = YES;
				GCC_WARN_ABOUT_RETURN_TYPE = YES_ERROR;
				GCC_WARN_UNDECLARED_SELECTOR = YES;
				GCC_WARN_UNINITIALIZED_AUTOS = YES_AGGRESSIVE;
				GCC_WARN_UNUSED_FUNCTION = YES;
				GCC_WARN_UNUSED_VARIABLE = YES;
				IPHONEOS_DEPLOYMENT_TARGET = 14.3;
				MTL_ENABLE_DEBUG_INFO = NO;
				MTL_FAST_MATH = YES;
				SDKROOT = iphoneos;
				SWIFT_COMPILATION_MODE = wholemodule;
				SWIFT_OPTIMIZATION_LEVEL = "-O";
				VALIDATE_PRODUCT = YES;
			};
			name = Release;
		};
		3D50A527259CF5C600D1B4BF /* Debug */ = {
			isa = XCBuildConfiguration;
			buildSettings = {
				ASSETCATALOG_COMPILER_APPICON_NAME = AppIcon;
				ASSETCATALOG_COMPILER_GLOBAL_ACCENT_COLOR_NAME = AccentColor;
				CODE_SIGN_STYLE = Automatic;
				INFOPLIST_FILE = myInfo/Info.plist;
				LD_RUNPATH_SEARCH_PATHS = (
					"$(inherited)",
					"@executable_path/Frameworks",
				);
				PRODUCT_BUNDLE_IDENTIFIER = "Saurav-Applications.myInfo";
				PRODUCT_NAME = "$(TARGET_NAME)";
				SWIFT_VERSION = 5.0;
				TARGETED_DEVICE_FAMILY = "1,2";
			};
			name = Debug;
		};
		3D50A528259CF5C600D1B4BF /* Release */ = {
			isa = XCBuildConfiguration;
			buildSettings = {
				ASSETCATALOG_COMPILER_APPICON_NAME = AppIcon;
				ASSETCATALOG_COMPILER_GLOBAL_ACCENT_COLOR_NAME = AccentColor;
				CODE_SIGN_STYLE = Automatic;
				INFOPLIST_FILE = myInfo/Info.plist;
				LD_RUNPATH_SEARCH_PATHS = (
					"$(inherited)",
					"@executable_path/Frameworks",
				);
				PRODUCT_BUNDLE_IDENTIFIER = "Saurav-Applications.myInfo";
				PRODUCT_NAME = "$(TARGET_NAME)";
				SWIFT_VERSION = 5.0;
				TARGETED_DEVICE_FAMILY = "1,2";
			};
			name = Release;
		};
		3D50A52A259CF5C600D1B4BF /* Debug */ = {
			isa = XCBuildConfiguration;
			buildSettings = {
				ALWAYS_EMBED_SWIFT_STANDARD_LIBRARIES = YES;
				BUNDLE_LOADER = "$(TEST_HOST)";
				CODE_SIGN_STYLE = Automatic;
				INFOPLIST_FILE = myInfoTests/Info.plist;
				IPHONEOS_DEPLOYMENT_TARGET = 14.3;
				LD_RUNPATH_SEARCH_PATHS = (
					"$(inherited)",
					"@executable_path/Frameworks",
					"@loader_path/Frameworks",
				);
				PRODUCT_BUNDLE_IDENTIFIER = "Saurav-Applications.myInfoTests";
				PRODUCT_NAME = "$(TARGET_NAME)";
				SWIFT_VERSION = 5.0;
				TARGETED_DEVICE_FAMILY = "1,2";
				TEST_HOST = "$(BUILT_PRODUCTS_DIR)/myInfo.app/myInfo";
			};
			name = Debug;
		};
		3D50A52B259CF5C600D1B4BF /* Release */ = {
			isa = XCBuildConfiguration;
			buildSettings = {
				ALWAYS_EMBED_SWIFT_STANDARD_LIBRARIES = YES;
				BUNDLE_LOADER = "$(TEST_HOST)";
				CODE_SIGN_STYLE = Automatic;
				INFOPLIST_FILE = myInfoTests/Info.plist;
				IPHONEOS_DEPLOYMENT_TARGET = 14.3;
				LD_RUNPATH_SEARCH_PATHS = (
					"$(inherited)",
					"@executable_path/Frameworks",
					"@loader_path/Frameworks",
				);
				PRODUCT_BUNDLE_IDENTIFIER = "Saurav-Applications.myInfoTests";
				PRODUCT_NAME = "$(TARGET_NAME)";
				SWIFT_VERSION = 5.0;
				TARGETED_DEVICE_FAMILY = "1,2";
				TEST_HOST = "$(BUILT_PRODUCTS_DIR)/myInfo.app/myInfo";
			};
			name = Release;
		};
		3D50A52D259CF5C600D1B4BF /* Debug */ = {
			isa = XCBuildConfiguration;
			buildSettings = {
				ALWAYS_EMBED_SWIFT_STANDARD_LIBRARIES = YES;
				CODE_SIGN_STYLE = Automatic;
				INFOPLIST_FILE = myInfoUITests/Info.plist;
				LD_RUNPATH_SEARCH_PATHS = (
					"$(inherited)",
					"@executable_path/Frameworks",
					"@loader_path/Frameworks",
				);
				PRODUCT_BUNDLE_IDENTIFIER = "Saurav-Applications.myInfoUITests";
				PRODUCT_NAME = "$(TARGET_NAME)";
				SWIFT_VERSION = 5.0;
				TARGETED_DEVICE_FAMILY = "1,2";
				TEST_TARGET_NAME = myInfo;
			};
			name = Debug;
		};
		3D50A52E259CF5C600D1B4BF /* Release */ = {
			isa = XCBuildConfiguration;
			buildSettings = {
				ALWAYS_EMBED_SWIFT_STANDARD_LIBRARIES = YES;
				CODE_SIGN_STYLE = Automatic;
				INFOPLIST_FILE = myInfoUITests/Info.plist;
				LD_RUNPATH_SEARCH_PATHS = (
					"$(inherited)",
					"@executable_path/Frameworks",
					"@loader_path/Frameworks",
				);
				PRODUCT_BUNDLE_IDENTIFIER = "Saurav-Applications.myInfoUITests";
				PRODUCT_NAME = "$(TARGET_NAME)";
				SWIFT_VERSION = 5.0;
				TARGETED_DEVICE_FAMILY = "1,2";
				TEST_TARGET_NAME = myInfo;
			};
			name = Release;
		};
/* End XCBuildConfiguration section */

/* Begin XCConfigurationList section */
		3D50A4F7259CF5C500D1B4BF /* Build configuration list for PBXProject "myInfo" */ = {
			isa = XCConfigurationList;
			buildConfigurations = (
				3D50A524259CF5C600D1B4BF /* Debug */,
				3D50A525259CF5C600D1B4BF /* Release */,
			);
			defaultConfigurationIsVisible = 0;
			defaultConfigurationName = Release;
		};
		3D50A526259CF5C600D1B4BF /* Build configuration list for PBXNativeTarget "myInfo" */ = {
			isa = XCConfigurationList;
			buildConfigurations = (
				3D50A527259CF5C600D1B4BF /* Debug */,
				3D50A528259CF5C600D1B4BF /* Release */,
			);
			defaultConfigurationIsVisible = 0;
			defaultConfigurationName = Release;
		};
		3D50A529259CF5C600D1B4BF /* Build configuration list for PBXNativeTarget "myInfoTests" */ = {
			isa = XCConfigurationList;
			buildConfigurations = (
				3D50A52A259CF5C600D1B4BF /* Debug */,
				3D50A52B259CF5C600D1B4BF /* Release */,
			);
			defaultConfigurationIsVisible = 0;
			defaultConfigurationName = Release;
		};
		3D50A52C259CF5C600D1B4BF /* Build configuration list for PBXNativeTarget "myInfoUITests" */ = {
			isa = XCConfigurationList;
			buildConfigurations = (
				3D50A52D259CF5C600D1B4BF /* Debug */,
				3D50A52E259CF5C600D1B4BF /* Release */,
			);
			defaultConfigurationIsVisible = 0;
			defaultConfigurationName = Release;
		};
/* End XCConfigurationList section */
	};
	rootObject = 3D50A4F4259CF5C500D1B4BF /* Project object */;
}
